
Microsoft Visual Studio Solution File, Format Version 12.00
# Visual Studio 14
VisualStudioVersion = 14.0.25123.0
MinimumVisualStudioVersion = 10.0.40219.1
Project("{2150E333-8FDC-42A3-9474-1A3956D46DE8}") = "Domain Layer", "Domain Layer", "{2E8206C2-41EE-4E17-A873-AC4FCA952D67}"
EndProject
Project("{2150E333-8FDC-42A3-9474-1A3956D46DE8}") = "Infrastructer Layer", "Infrastructer Layer", "{7BDABC0B-DB8B-4F21-A695-C1B6BBF6564D}"
EndProject
Project("{2150E333-8FDC-42A3-9474-1A3956D46DE8}") = "Site", "Site", "{0F3AC3CD-55C9-4400-B89F-6E9484962514}"
EndProject
Project("{2150E333-8FDC-42A3-9474-1A3956D46DE8}") = "Application Layer", "Application Layer", "{9AC2F8F3-CB55-4D0A-9261-FF6B1806FBDB}"
EndProject
Project("{2150E333-8FDC-42A3-9474-1A3956D46DE8}") = "Presentation Layer", "Presentation Layer", "{786352C8-CD5F-472A-B33B-1245426F25CA}"
EndProject
Project("{FAE04EC0-301F-11D3-BF4B-00C04F79EFBC}") = "BookStore.Domain", "BookStore.Domain\BookStore.Domain.csproj", "{E1EE0C9D-1153-4158-8BF2-34650392BE8C}"
EndProject
Project("{FAE04EC0-301F-11D3-BF4B-00C04F79EFBC}") = "BookStore.Domain.Services", "BookStore.Domain.Services\BookStore.Domain.Services.csproj", "{26436872-2ECA-4DAE-806F-0B2BF18A9C15}"
EndProject
Project("{FAE04EC0-301F-11D3-BF4B-00C04F79EFBC}") = "BookStore.Infrastructure", "BookStore.Infrastructure\BookStore.Infrastructure.csproj", "{5FC607F9-527C-431F-B081-243DB678B118}"
EndProject
Project("{2150E333-8FDC-42A3-9474-1A3956D46DE8}") = "Misc", "Misc", "{FEF34D45-084F-44DF-8B19-444B5D49DA50}"
EndProject
Project("{2150E333-8FDC-42A3-9474-1A3956D46DE8}") = "Persistence", "Persistence", "{F229CEB2-4AC3-4404-9513-D6BE51044993}"
EndProject
Project("{FAE04EC0-301F-11D3-BF4B-00C04F79EFBC}") = "BookStore.Persistence", "BookStore.Persistence\BookStore.Persistence.csproj", "{9A9E65A6-075E-4511-ABB9-788D0C66AB68}"
EndProject
Project("{FAE04EC0-301F-11D3-BF4B-00C04F79EFBC}") = "BookStore.Application", "BookStore.Application\BookStore.Application.csproj", "{081FF1C3-5851-4E7A-AB74-F98EB6D27077}"
EndProject
Project("{FAE04EC0-301F-11D3-BF4B-00C04F79EFBC}") = "BookStore.Server", "BookStore.Server\BookStore.Server.csproj", "{30E6AA3E-91EA-41FC-BB8D-A2013199DCF5}"
EndProject
Global
	GlobalSection(SolutionConfigurationPlatforms) = preSolution
		Debug|Any CPU = Debug|Any CPU
		Release|Any CPU = Release|Any CPU
	EndGlobalSection
	GlobalSection(ProjectConfigurationPlatforms) = postSolution
		{E1EE0C9D-1153-4158-8BF2-34650392BE8C}.Debug|Any CPU.ActiveCfg = Debug|Any CPU
		{E1EE0C9D-1153-4158-8BF2-34650392BE8C}.Debug|Any CPU.Build.0 = Debug|Any CPU
		{E1EE0C9D-1153-4158-8BF2-34650392BE8C}.Release|Any CPU.ActiveCfg = Release|Any CPU
		{E1EE0C9D-1153-4158-8BF2-34650392BE8C}.Release|Any CPU.Build.0 = Release|Any CPU
		{26436872-2ECA-4DAE-806F-0B2BF18A9C15}.Debug|Any CPU.ActiveCfg = Debug|Any CPU
		{26436872-2ECA-4DAE-806F-0B2BF18A9C15}.Debug|Any CPU.Build.0 = Debug|Any CPU
		{26436872-2ECA-4DAE-806F-0B2BF18A9C15}.Release|Any CPU.ActiveCfg = Release|Any CPU
		{26436872-2ECA-4DAE-806F-0B2BF18A9C15}.Release|Any CPU.Build.0 = Release|Any CPU
		{5FC607F9-527C-431F-B081-243DB678B118}.Debug|Any CPU.ActiveCfg = Debug|Any CPU
		{5FC607F9-527C-431F-B081-243DB678B118}.Debug|Any CPU.Build.0 = Debug|Any CPU
		{5FC607F9-527C-431F-B081-243DB678B118}.Release|Any CPU.ActiveCfg = Release|Any CPU
		{5FC607F9-527C-431F-B081-243DB678B118}.Release|Any CPU.Build.0 = Release|Any CPU
		{9A9E65A6-075E-4511-ABB9-788D0C66AB68}.Debug|Any CPU.ActiveCfg = Debug|Any CPU
		{9A9E65A6-075E-4511-ABB9-788D0C66AB68}.Debug|Any CPU.Build.0 = Debug|Any CPU
		{9A9E65A6-075E-4511-ABB9-788D0C66AB68}.Release|Any CPU.ActiveCfg = Release|Any CPU
		{9A9E65A6-075E-4511-ABB9-788D0C66AB68}.Release|Any CPU.Build.0 = Release|Any CPU
		{081FF1C3-5851-4E7A-AB74-F98EB6D27077}.Debug|Any CPU.ActiveCfg = Debug|Any CPU
		{081FF1C3-5851-4E7A-AB74-F98EB6D27077}.Debug|Any CPU.Build.0 = Debug|Any CPU
		{081FF1C3-5851-4E7A-AB74-F98EB6D27077}.Release|Any CPU.ActiveCfg = Release|Any CPU
		{081FF1C3-5851-4E7A-AB74-F98EB6D27077}.Release|Any CPU.Build.0 = Release|Any CPU
		{30E6AA3E-91EA-41FC-BB8D-A2013199DCF5}.Debug|Any CPU.ActiveCfg = Debug|Any CPU
		{30E6AA3E-91EA-41FC-BB8D-A2013199DCF5}.Debug|Any CPU.Build.0 = Debug|Any CPU
		{30E6AA3E-91EA-41FC-BB8D-A2013199DCF5}.Release|Any CPU.ActiveCfg = Release|Any CPU
		{30E6AA3E-91EA-41FC-BB8D-A2013199DCF5}.Release|Any CPU.Build.0 = Release|Any CPU
	EndGlobalSection
	GlobalSection(SolutionProperties) = preSolution
		HideSolutionNode = FALSE
	EndGlobalSection
	GlobalSection(NestedProjects) = preSolution
		{9AC2F8F3-CB55-4D0A-9261-FF6B1806FBDB} = {0F3AC3CD-55C9-4400-B89F-6E9484962514}
		{786352C8-CD5F-472A-B33B-1245426F25CA} = {0F3AC3CD-55C9-4400-B89F-6E9484962514}
		{E1EE0C9D-1153-4158-8BF2-34650392BE8C} = {2E8206C2-41EE-4E17-A873-AC4FCA952D67}
		{26436872-2ECA-4DAE-806F-0B2BF18A9C15} = {2E8206C2-41EE-4E17-A873-AC4FCA952D67}
		{5FC607F9-527C-431F-B081-243DB678B118} = {FEF34D45-084F-44DF-8B19-444B5D49DA50}
		{FEF34D45-084F-44DF-8B19-444B5D49DA50} = {7BDABC0B-DB8B-4F21-A695-C1B6BBF6564D}
		{F229CEB2-4AC3-4404-9513-D6BE51044993} = {7BDABC0B-DB8B-4F21-A695-C1B6BBF6564D}
		{9A9E65A6-075E-4511-ABB9-788D0C66AB68} = {F229CEB2-4AC3-4404-9513-D6BE51044993}
		{081FF1C3-5851-4E7A-AB74-F98EB6D27077} = {9AC2F8F3-CB55-4D0A-9261-FF6B1806FBDB}
		{30E6AA3E-91EA-41FC-BB8D-A2013199DCF5} = {786352C8-CD5F-472A-B33B-1245426F25CA}
	EndGlobalSection
EndGlobal
